{
  "name": "@apinanyogaratnam/livepeer-api",
  "version": "1.0.3",
  "lockfileVersion": 2,
  "requires": true,
  "packages": {
    "": {
      "name": "@apinanyogaratnam/livepeer-api",
      "version": "1.0.3",
      "license": "ISC",
      "dependencies": {
        "@apinanyogaratnam/livepeer-api": "^1.0.3",
        "axios": "^0.24.0",
        "livepeer-nodejs": "^1.0.3"
      }
    },
    "node_modules/@apinanyogaratnam/livepeer-api": {
      "version": "1.0.3",
      "resolved": "https://npm.pkg.github.com/download/@apinanyogaratnam/livepeer-api/1.0.3/82f86d7095d06c5293073dc7643aec5cfde5b31390da461a3cde96d46c35b11a",
      "integrity": "sha512-oEpDdXdbATcd5DcMenhMXreh3X5A872r3DIcAN2jgrQQKU7IuidJZ+wdn83SVhR7PhdKI/N8RbwLYYsSUY2V0Q==",
      "license": "ISC",
      "dependencies": {
        "axios": "^0.24.0",
        "livepeer-nodejs": "^1.0.3"
      }
    },
    "node_modules/axios": {
      "version": "0.24.0",
      "resolved": "https://registry.npmjs.org/axios/-/axios-0.24.0.tgz",
      "integrity": "sha512-Q6cWsys88HoPgAaFAVUb0WpPk0O8iTeisR9IMqy9G8AbO4NlpVknrnQS03zzF9PGAWgO3cgletO3VjV/P7VztA==",
      "dependencies": {
        "follow-redirects": "^1.14.4"
      }
    },
    "node_modules/follow-redirects": {
      "version": "1.14.5",
      "resolved": "https://registry.npmjs.org/follow-redirects/-/follow-redirects-1.14.5.tgz",
      "integrity": "sha512-wtphSXy7d4/OR+MvIFbCVBDzZ5520qV8XfPklSN5QtxuMUJZ+b0Wnst1e1lCDocfzuCkHqj8k0FpZqO+UIaKNA==",
      "funding": [
        {
          "type": "individual",
          "url": "https://github.com/sponsors/RubenVerborgh"
        }
      ],
      "engines": {
        "node": ">=4.0"
      },
      "peerDependenciesMeta": {
        "debug": {
          "optional": true
        }
      }
    },
    "node_modules/livepeer-nodejs": {
      "version": "1.0.3",
      "resolved": "https://registry.npmjs.org/livepeer-nodejs/-/livepeer-nodejs-1.0.3.tgz",
      "integrity": "sha512-KaKfcLC9RBmX33Ie4jYcADZ3NMLDAcU00D+F1ZsK9cuo9U9fdRBp+yw/Z82bp6isFIcgHG5F9o8d8zQAE+wXPA==",
      "dependencies": {
        "axios": "^0.21.1"
      }
    },
    "node_modules/livepeer-nodejs/node_modules/axios": {
      "version": "0.21.4",
      "resolved": "https://registry.npmjs.org/axios/-/axios-0.21.4.tgz",
      "integrity": "sha512-ut5vewkiu8jjGBdqpM44XxjuCjq9LAKeHVmoVfHVzy8eHgxxq8SbAVQNovDA8mVi05kP0Ea/n/UzcSHcTJQfNg==",
      "dependencies": {
        "follow-redirects": "^1.14.0"
      }
    }
  },
  "dependencies": {
    "@apinanyogaratnam/livepeer-api": {
      "version": "1.0.3",
      "resolved": "https://npm.pkg.github.com/download/@apinanyogaratnam/livepeer-api/1.0.3/82f86d7095d06c5293073dc7643aec5cfde5b31390da461a3cde96d46c35b11a",
      "integrity": "sha512-oEpDdXdbATcd5DcMenhMXreh3X5A872r3DIcAN2jgrQQKU7IuidJZ+wdn83SVhR7PhdKI/N8RbwLYYsSUY2V0Q==",
      "requires": {
        "axios": "^0.24.0",
        "livepeer-nodejs": "^1.0.3"
      }
    },
    "axios": {
      "version": "0.24.0",
      "resolved": "https://registry.npmjs.org/axios/-/axios-0.24.0.tgz",
      "integrity": "sha512-Q6cWsys88HoPgAaFAVUb0WpPk0O8iTeisR9IMqy9G8AbO4NlpVknrnQS03zzF9PGAWgO3cgletO3VjV/P7VztA==",
      "requires": {
        "follow-redirects": "^1.14.4"
      }
    },
    "follow-redirects": {
      "version": "1.14.5",
      "resolved": "https://registry.npmjs.org/follow-redirects/-/follow-redirects-1.14.5.tgz",
      "integrity": "sha512-wtphSXy7d4/OR+MvIFbCVBDzZ5520qV8XfPklSN5QtxuMUJZ+b0Wnst1e1lCDocfzuCkHqj8k0FpZqO+UIaKNA=="
    },
    "livepeer-nodejs": {
      "version": "1.0.3",
      "resolved": "https://registry.npmjs.org/livepeer-nodejs/-/livepeer-nodejs-1.0.3.tgz",
      "integrity": "sha512-KaKfcLC9RBmX33Ie4jYcADZ3NMLDAcU00D+F1ZsK9cuo9U9fdRBp+yw/Z82bp6isFIcgHG5F9o8d8zQAE+wXPA==",
      "requires": {
        "axios": "^0.21.1"
      },
      "dependencies": {
        "axios": {
          "version": "0.21.4",
          "resolved": "https://registry.npmjs.org/axios/-/axios-0.21.4.tgz",
          "integrity": "sha512-ut5vewkiu8jjGBdqpM44XxjuCjq9LAKeHVmoVfHVzy8eHgxxq8SbAVQNovDA8mVi05kP0Ea/n/UzcSHcTJQfNg==",
          "requires": {
            "follow-redirects": "^1.14.0"
          }
        }
      }
    }
  }
}
